{
  "name": "json-diff-test",
  "version": "1.0.0",
  "lockfileVersion": 1,
  "requires": true,
  "dependencies": {
    "diff-json": {
      "version": "0.1.11",
      "resolved": "https://registry.npmjs.org/diff-json/-/diff-json-0.1.11.tgz",
      "integrity": "sha1-wrlHy3nPXME6sRK2jHWoUSfWPvE=",
      "requires": {
        "lodash": "2.4.2"
      }
    },
    "lodash": {
      "version": "2.4.2",
      "resolved": "https://registry.npmjs.org/lodash/-/lodash-2.4.2.tgz",
      "integrity": "sha1-+t2DS5aDBz2hebPq5tnA0VBT9z4="
    }
  }
}
